
Microsoft Visual Studio Solution File, Format Version 12.00
# Visual Studio Version 16
VisualStudioVersion = 16.0.29613.14
MinimumVisualStudioVersion = 10.0.40219.1
Project("{FAE04EC0-301F-11D3-BF4B-00C04F79EFBC}") = "PaymentServicesLibrary", "PaymentServicesLibrary\PaymentServicesLibrary.csproj", "{3981DD8E-D7F2-49FC-852D-A8619F298338}"
EndProject
Global
	GlobalSection(SolutionConfigurationPlatforms) = preSolution
		Debug|Any CPU = Debug|Any CPU
		Release|Any CPU = Release|Any CPU
	EndGlobalSection
	GlobalSection(ProjectConfigurationPlatforms) = postSolution
		{3981DD8E-D7F2-49FC-852D-A8619F298338}.Debug|Any CPU.ActiveCfg = Debug|Any CPU
		{3981DD8E-D7F2-49FC-852D-A8619F298338}.Debug|Any CPU.Build.0 = Debug|Any CPU
		{3981DD8E-D7F2-49FC-852D-A8619F298338}.Release|Any CPU.ActiveCfg = Release|Any CPU
		{3981DD8E-D7F2-49FC-852D-A8619F298338}.Release|Any CPU.Build.0 = Release|Any CPU
	EndGlobalSection
	GlobalSection(SolutionProperties) = preSolution
		HideSolutionNode = FALSE
	EndGlobalSection
	GlobalSection(ExtensibilityGlobals) = postSolution
		SolutionGuid = {CCD253D1-D9E9-4259-84CE-E2B8A8A8D69F}
	EndGlobalSection
EndGlobal
